// !$*UTF8*$!
{
	archiveVersion = 1;
	classes = {
	};
	objectVersion = 56;
	objects = {

/* Begin PBXBuildFile section */
		EA69797D2FCCB569009D3465 /* Workout.swift in Sources */ = {isa = PBXBuildFile; fileRef = EA69797C2FCCB548009D3465 /* Workout.swift */; };
		EA69797F2FCCB56F009D3465 /* WorkoutEntry.swift in Sources */ = {isa = PBXBuildFile; fileRef = EA69797E2FCCB56C009D3465 /* WorkoutEntry.swift */; };
		EA6979892FCCD4CD009D3465 /* WorkoutsView.swift in Sources */ = {isa = PBXBuildFile; fileRef = EA6979882FCCD4CA009D3465 /* WorkoutsView.swift */; };
		EA69798B2FCCD5B1009D3465 /* CreateWorkoutView.swift in Sources */ = {isa = PBXBuildFile; fileRef = EA69798A2FCCD5AE009D3465 /* CreateWorkoutView.swift */; };
		EA69798D2FCCE13C009D3465 /* WorkoutSet.swift in Sources */ = {isa = PBXBuildFile; fileRef = EA69798C2FCCE138009D3465 /* WorkoutSet.swift */; };
		EA6979912FCCEE8D009D3465 /* ExerciseStore.swift in Sources */ = {isa = PBXBuildFile; fileRef = EA6979902FCCECF6009D3465 /* ExerciseStore.swift */; };
		EA6979932FCCEED1009D3465 /* WorkoutGenerator.swift in Sources */ = {isa = PBXBuildFile; fileRef = EA69798F2FCCE1E2009D3465 /* WorkoutGenerator.swift */; };
		EA6979942FCCF176009D3465 /* ExerciseLibrary.json in Resources */ = {isa = PBXBuildFile; fileRef = EA6979812FCCB709009D3465 /* ExerciseLibrary.json */; };
		EA6979982FCD0C5A009D3465 /* MuscleSelectionView.swift in Sources */ = {isa = PBXBuildFile; fileRef = EA6979972FCD0C57009D3465 /* MuscleSelectionView.swift */; };
		EA76E77C2FCE251100FC9F9F /* CardioEntry.swift in Sources */ = {isa = PBXBuildFile; fileRef = EA76E77B2FCE250C00FC9F9F /* CardioEntry.swift */; };
		EA76E77E2FCF7DE100FC9F9F /* WorkoutDetailView.swift in Sources */ = {isa = PBXBuildFile; fileRef = EA76E77D2FCF7DDC00FC9F9F /* WorkoutDetailView.swift */; };
		EA8A75092FC7BF33008E7AE1 /* BiggrDreamApp.swift in Sources */ = {isa = PBXBuildFile; fileRef = EA8A75082FC7BF33008E7AE1 /* BiggrDreamApp.swift */; };
		EA8A750D2FC7BF35008E7AE1 /* Assets.xcassets in Resources */ = {isa = PBXBuildFile; fileRef = EA8A750C2FC7BF35008E7AE1 /* Assets.xcassets */; };
		EA8A75102FC7BF35008E7AE1 /* Preview Assets.xcassets in Resources */ = {isa = PBXBuildFile; fileRef = EA8A750F2FC7BF35008E7AE1 /* Preview Assets.xcassets */; };
		EA8A751D2FCAC20D008E7AE1 /* ContentView.swift in Sources */ = {isa = PBXBuildFile; fileRef = EA8A750A2FC7BF33008E7AE1 /* ContentView.swift */; };
/* End PBXBuildFile section */

/* Begin PBXFileReference section */
		EA69797C2FCCB548009D3465 /* Workout.swift */ = {isa = PBXFileReference; lastKnownFileType = sourcecode.swift; path = Workout.swift; sourceTree = "<group>"; };
		EA69797E2FCCB56C009D3465 /* WorkoutEntry.swift */ = {isa = PBXFileReference; lastKnownFileType = sourcecode.swift; path = WorkoutEntry.swift; sourceTree = "<group>"; };
		EA6979812FCCB709009D3465 /* ExerciseLibrary.json */ = {isa = PBXFileReference; lastKnownFileType = text.json; path = ExerciseLibrary.json; sourceTree = "<group>"; };
		EA6979882FCCD4CA009D3465 /* WorkoutsView.swift */ = {isa = PBXFileReference; lastKnownFileType = sourcecode.swift; path = WorkoutsView.swift; sourceTree = "<group>"; };
		EA69798A2FCCD5AE009D3465 /* CreateWorkoutView.swift */ = {isa = PBXFileReference; lastKnownFileType = sourcecode.swift; path = CreateWorkoutView.swift; sourceTree = "<group>"; };
		EA69798C2FCCE138009D3465 /* WorkoutSet.swift */ = {isa = PBXFileReference; lastKnownFileType = sourcecode.swift; path = WorkoutSet.swift; sourceTree = "<group>"; };
		EA69798F2FCCE1E2009D3465 /* WorkoutGenerator.swift */ = {isa = PBXFileReference; lastKnownFileType = sourcecode.swift; path = WorkoutGenerator.swift; sourceTree = "<group>"; };
		EA6979902FCCECF6009D3465 /* ExerciseStore.swift */ = {isa = PBXFileReference; lastKnownFileType = sourcecode.swift; path = ExerciseStore.swift; sourceTree = "<group>"; };
		EA6979972FCD0C57009D3465 /* MuscleSelectionView.swift */ = {isa = PBXFileReference; lastKnownFileType = sourcecode.swift; path = MuscleSelectionView.swift; sourceTree = "<group>"; };
		EA76E77B2FCE250C00FC9F9F /* CardioEntry.swift */ = {isa = PBXFileReference; lastKnownFileType = sourcecode.swift; path = CardioEntry.swift; sourceTree = "<group>"; };
		EA76E77D2FCF7DDC00FC9F9F /* WorkoutDetailView.swift */ = {isa = PBXFileReference; lastKnownFileType = sourcecode.swift; path = WorkoutDetailView.swift; sourceTree = "<group>"; };
		EA8A75052FC7BF33008E7AE1 /* BiggrDream.app */ = {isa = PBXFileReference; explicitFileType = wrapper.application; includeInIndex = 0; path = BiggrDream.app; sourceTree = BUILT_PRODUCTS_DIR; };
		EA8A75082FC7BF33008E7AE1 /* BiggrDreamApp.swift */ = {isa = PBXFileReference; lastKnownFileType = sourcecode.swift; path = BiggrDreamApp.swift; sourceTree = "<group>"; };
		EA8A750A2FC7BF33008E7AE1 /* ContentView.swift */ = {isa = PBXFileReference; lastKnownFileType = sourcecode.swift; path = ContentView.swift; sourceTree = "<group>"; };
		EA8A750C2FC7BF35008E7AE1 /* Assets.xcassets */ = {isa = PBXFileReference; lastKnownFileType = folder.assetcatalog; path = Assets.xcassets; sourceTree = "<group>"; };
		EA8A750F2FC7BF35008E7AE1 /* Preview Assets.xcassets */ = {isa = PBXFileReference; lastKnownFileType = folder.assetcatalog; path = "Preview Assets.xcassets"; sourceTree = "<group>"; };
/* End PBXFileReference section */

/* Begin PBXFrameworksBuildPhase section */
		EA8A75022FC7BF33008E7AE1 /* Frameworks */ = {
			isa = PBXFrameworksBuildPhase;
			buildActionMask = 2147483647;
			files = (
			);
			runOnlyForDeploymentPostprocessing = 0;
		};
/* End PBXFrameworksBuildPhase section */

/* Begin PBXGroup section */
		EA6979802FCCB701009D3465 /* JSON */ = {
			isa = PBXGroup;
			children = (
				EA6979812FCCB709009D3465 /* ExerciseLibrary.json */,
			);
			path = JSON;
			sourceTree = "<group>";
		};
		EA69798E2FCCE1DD009D3465 /* Services */ = {
			isa = PBXGroup;
			children = (
				EA6979902FCCECF6009D3465 /* ExerciseStore.swift */,
				EA69798F2FCCE1E2009D3465 /* WorkoutGenerator.swift */,
			);
			path = Services;
			sourceTree = "<group>";
		};
		EA8A74FC2FC7BF33008E7AE1 = {
			isa = PBXGroup;
			children = (
				EA8A75072FC7BF33008E7AE1 /* BiggrDream */,
				EA8A75062FC7BF33008E7AE1 /* Products */,
			);
			sourceTree = "<group>";
		};
		EA8A75062FC7BF33008E7AE1 /* Products */ = {
			isa = PBXGroup;
			children = (
				EA8A75052FC7BF33008E7AE1 /* BiggrDream.app */,
			);
			name = Products;
			sourceTree = "<group>";
		};
		EA8A75072FC7BF33008E7AE1 /* BiggrDream */ = {
			isa = PBXGroup;
			children = (
				EA76E77D2FCF7DDC00FC9F9F /* WorkoutDetailView.swift */,
				EA6979972FCD0C57009D3465 /* MuscleSelectionView.swift */,
				EA6979802FCCB701009D3465 /* JSON */,
				EA69798E2FCCE1DD009D3465 /* Services */,
				EA69798A2FCCD5AE009D3465 /* CreateWorkoutView.swift */,
				EA6979882FCCD4CA009D3465 /* WorkoutsView.swift */,
				EA8A750A2FC7BF33008E7AE1 /* ContentView.swift */,
				EA8A75192FCAC0D6008E7AE1 /* Models */,
				EA8A75082FC7BF33008E7AE1 /* BiggrDreamApp.swift */,
				EA8A750C2FC7BF35008E7AE1 /* Assets.xcassets */,
				EA8A750E2FC7BF35008E7AE1 /* Preview Content */,
			);
			path = BiggrDream;
			sourceTree = "<group>";
		};
		EA8A750E2FC7BF35008E7AE1 /* Preview Content */ = {
			isa = PBXGroup;
			children = (
				EA8A750F2FC7BF35008E7AE1 /* Preview Assets.xcassets */,
			);
			path = "Preview Content";
			sourceTree = "<group>";
		};
		EA8A75192FCAC0D6008E7AE1 /* Models */ = {
			isa = PBXGroup;
			children = (
				EA76E77B2FCE250C00FC9F9F /* CardioEntry.swift */,
				EA69798C2FCCE138009D3465 /* WorkoutSet.swift */,
				EA69797E2FCCB56C009D3465 /* WorkoutEntry.swift */,
				EA69797C2FCCB548009D3465 /* Workout.swift */,
			);
			path = Models;
			sourceTree = "<group>";
		};
/* End PBXGroup section */

/* Begin PBXNativeTarget section */
		EA8A75042FC7BF33008E7AE1 /* BiggrDream */ = {
			isa = PBXNativeTarget;
			buildConfigurationList = EA8A75132FC7BF35008E7AE1 /* Build configuration list for PBXNativeTarget "BiggrDream" */;
			buildPhases = (
				EA8A75012FC7BF33008E7AE1 /* Sources */,
				EA8A75022FC7BF33008E7AE1 /* Frameworks */,
				EA8A75032FC7BF33008E7AE1 /* Resources */,
			);
			buildRules = (
			);
			dependencies = (
			);
			name = BiggrDream;
			productName = fitnessapp;
			productReference = EA8A75052FC7BF33008E7AE1 /* BiggrDream.app */;
			productType = "com.apple.product-type.application";
		};
/* End PBXNativeTarget section */

/* Begin PBXProject section */
		EA8A74FD2FC7BF33008E7AE1 /* Project object */ = {
			isa = PBXProject;
			attributes = {
				BuildIndependentTargetsInParallel = 1;
				LastSwiftUpdateCheck = 1540;
				LastUpgradeCheck = 1540;
				TargetAttributes = {
					EA8A75042FC7BF33008E7AE1 = {
						CreatedOnToolsVersion = 15.4;
					};
				};
			};
			buildConfigurationList = EA8A75002FC7BF33008E7AE1 /* Build configuration list for PBXProject "BiggrDream" */;
			compatibilityVersion = "Xcode 14.0";
			developmentRegion = en;
			hasScannedForEncodings = 0;
			knownRegions = (
				en,
				Base,
			);
			mainGroup = EA8A74FC2FC7BF33008E7AE1;
			productRefGroup = EA8A75062FC7BF33008E7AE1 /* Products */;
			projectDirPath = "";
			projectRoot = "";
			targets = (
				EA8A75042FC7BF33008E7AE1 /* BiggrDream */,
			);
		};
/* End PBXProject section */

/* Begin PBXResourcesBuildPhase section */
		EA8A75032FC7BF33008E7AE1 /* Resources */ = {
			isa = PBXResourcesBuildPhase;
			buildActionMask = 2147483647;
			files = (
				EA8A75102FC7BF35008E7AE1 /* Preview Assets.xcassets in Resources */,
				EA6979942FCCF176009D3465 /* ExerciseLibrary.json in Resources */,
				EA8A750D2FC7BF35008E7AE1 /* Assets.xcassets in Resources */,
			);
			runOnlyForDeploymentPostprocessing = 0;
		};
/* End PBXResourcesBuildPhase section */

/* Begin PBXSourcesBuildPhase section */
		EA8A75012FC7BF33008E7AE1 /* Sources */ = {
			isa = PBXSourcesBuildPhase;
			buildActionMask = 2147483647;
			files = (
				EA6979982FCD0C5A009D3465 /* MuscleSelectionView.swift in Sources */,
				EA69798B2FCCD5B1009D3465 /* CreateWorkoutView.swift in Sources */,
				EA8A751D2FCAC20D008E7AE1 /* ContentView.swift in Sources */,
				EA76E77E2FCF7DE100FC9F9F /* WorkoutDetailView.swift in Sources */,
				EA69798D2FCCE13C009D3465 /* WorkoutSet.swift in Sources */,
				EA6979912FCCEE8D009D3465 /* ExerciseStore.swift in Sources */,
				EA76E77C2FCE251100FC9F9F /* CardioEntry.swift in Sources */,
				EA6979892FCCD4CD009D3465 /* WorkoutsView.swift in Sources */,
				EA8A75092FC7BF33008E7AE1 /* BiggrDreamApp.swift in Sources */,
				EA69797D2FCCB569009D3465 /* Workout.swift in Sources */,
				EA6979932FCCEED1009D3465 /* WorkoutGenerator.swift in Sources */,
				EA69797F2FCCB56F009D3465 /* WorkoutEntry.swift in Sources */,
			);
			runOnlyForDeploymentPostprocessing = 0;
		};
/* End PBXSourcesBuildPhase section */

/* Begin XCBuildConfiguration section */
		EA8A75112FC7BF35008E7AE1 /* Debug */ = {
			isa = XCBuildConfiguration;
			buildSettings = {
				ALWAYS_SEARCH_USER_PATHS = NO;
				ASSETCATALOG_COMPILER_GENERATE_SWIFT_ASSET_SYMBOL_EXTENSIONS = YES;
				CLANG_ANALYZER_NONNULL = YES;
				CLANG_ANALYZER_NUMBER_OBJECT_CONVERSION = YES_AGGRESSIVE;
				CLANG_CXX_LANGUAGE_STANDARD = "gnu++20";
				CLANG_ENABLE_MODULES = YES;
				CLANG_ENABLE_OBJC_ARC = YES;
				CLANG_ENABLE_OBJC_WEAK = YES;
				CLANG_WARN_BLOCK_CAPTURE_AUTORELEASING = YES;
				CLANG_WARN_BOOL_CONVERSION = YES;
				CLANG_WARN_COMMA = YES;
				CLANG_WARN_CONSTANT_CONVERSION = YES;
				CLANG_WARN_DEPRECATED_OBJC_IMPLEMENTATIONS = YES;
				CLANG_WARN_DIRECT_OBJC_ISA_USAGE = YES_ERROR;
				CLANG_WARN_DOCUMENTATION_COMMENTS = YES;
				CLANG_WARN_EMPTY_BODY = YES;
				CLANG_WARN_ENUM_CONVERSION = YES;
				CLANG_WARN_INFINITE_RECURSION = YES;
				CLANG_WARN_INT_CONVERSION = YES;
				CLANG_WARN_NON_LITERAL_NULL_CONVERSION = YES;
				CLANG_WARN_OBJC_IMPLICIT_RETAIN_SELF = YES;
				CLANG_WARN_OBJC_LITERAL_CONVERSION = YES;
				CLANG_WARN_OBJC_ROOT_CLASS = YES_ERROR;
				CLANG_WARN_QUOTED_INCLUDE_IN_FRAMEWORK_HEADER = YES;
				CLANG_WARN_RANGE_LOOP_ANALYSIS = YES;
				CLANG_WARN_STRICT_PROTOTYPES = YES;
				CLANG_WARN_SUSPICIOUS_MOVE = YES;
				CLANG_WARN_UNGUARDED_AVAILABILITY = YES_AGGRESSIVE;
				CLANG_WARN_UNREACHABLE_CODE = YES;
				CLANG_WARN__DUPLICATE_METHOD_MATCH = YES;
				COPY_PHASE_STRIP = NO;
				DEBUG_INFORMATION_FORMAT = dwarf;
				ENABLE_STRICT_OBJC_MSGSEND = YES;
				ENABLE_TESTABILITY = YES;
				ENABLE_USER_SCRIPT_SANDBOXING = YES;
				GCC_C_LANGUAGE_STANDARD = gnu17;
				GCC_DYNAMIC_NO_PIC = NO;
				GCC_NO_COMMON_BLOCKS = YES;
				GCC_OPTIMIZATION_LEVEL = 0;
				GCC_PREPROCESSOR_DEFINITIONS = (
					"DEBUG=1",
					"$(inherited)",
				);
				GCC_WARN_64_TO_32_BIT_CONVERSION = YES;
				GCC_WARN_ABOUT_RETURN_TYPE = YES_ERROR;
				GCC_WARN_UNDECLARED_SELECTOR = YES;
				GCC_WARN_UNINITIALIZED_AUTOS = YES_AGGRESSIVE;
				GCC_WARN_UNUSED_FUNCTION = YES;
				GCC_WARN_UNUSED_VARIABLE = YES;
				IPHONEOS_DEPLOYMENT_TARGET = 17.5;
				LOCALIZATION_PREFERS_STRING_CATALOGS = YES;
				MTL_ENABLE_DEBUG_INFO = INCLUDE_SOURCE;
				MTL_FAST_MATH = YES;
				ONLY_ACTIVE_ARCH = YES;
				SDKROOT = iphoneos;
				SWIFT_ACTIVE_COMPILATION_CONDITIONS = "DEBUG $(inherited)";
				SWIFT_OPTIMIZATION_LEVEL = "-Onone";
			};
			name = Debug;
		};
		EA8A75122FC7BF35008E7AE1 /* Release */ = {
			isa = XCBuildConfiguration;
			buildSettings = {
				ALWAYS_SEARCH_USER_PATHS = NO;
				ASSETCATALOG_COMPILER_GENERATE_SWIFT_ASSET_SYMBOL_EXTENSIONS = YES;
				CLANG_ANALYZER_NONNULL = YES;
				CLANG_ANALYZER_NUMBER_OBJECT_CONVERSION = YES_AGGRESSIVE;
				CLANG_CXX_LANGUAGE_STANDARD = "gnu++20";
				CLANG_ENABLE_MODULES = YES;
				CLANG_ENABLE_OBJC_ARC = YES;
				CLANG_ENABLE_OBJC_WEAK = YES;
				CLANG_WARN_BLOCK_CAPTURE_AUTORELEASING = YES;
				CLANG_WARN_BOOL_CONVERSION = YES;
				CLANG_WARN_COMMA = YES;
				CLANG_WARN_CONSTANT_CONVERSION = YES;
				CLANG_WARN_DEPRECATED_OBJC_IMPLEMENTATIONS = YES;
				CLANG_WARN_DIRECT_OBJC_ISA_USAGE = YES_ERROR;
				CLANG_WARN_DOCUMENTATION_COMMENTS = YES;
				CLANG_WARN_EMPTY_BODY = YES;
				CLANG_WARN_ENUM_CONVERSION = YES;
				CLANG_WARN_INFINITE_RECURSION = YES;
				CLANG_WARN_INT_CONVERSION = YES;
				CLANG_WARN_NON_LITERAL_NULL_CONVERSION = YES;
				CLANG_WARN_OBJC_IMPLICIT_RETAIN_SELF = YES;
				CLANG_WARN_OBJC_LITERAL_CONVERSION = YES;
				CLANG_WARN_OBJC_ROOT_CLASS = YES_ERROR;
				CLANG_WARN_QUOTED_INCLUDE_IN_FRAMEWORK_HEADER = YES;
				CLANG_WARN_RANGE_LOOP_ANALYSIS = YES;
				CLANG_WARN_STRICT_PROTOTYPES = YES;
				CLANG_WARN_SUSPICIOUS_MOVE = YES;
				CLANG_WARN_UNGUARDED_AVAILABILITY = YES_AGGRESSIVE;
				CLANG_WARN_UNREACHABLE_CODE = YES;
				CLANG_WARN__DUPLICATE_METHOD_MATCH = YES;
				COPY_PHASE_STRIP = NO;
				DEBUG_INFORMATION_FORMAT = "dwarf-with-dsym";
				ENABLE_NS_ASSERTIONS = NO;
				ENABLE_STRICT_OBJC_MSGSEND = YES;
				ENABLE_USER_SCRIPT_SANDBOXING = YES;
				GCC_C_LANGUAGE_STANDARD = gnu17;
				GCC_NO_COMMON_BLOCKS = YES;
				GCC_WARN_64_TO_32_BIT_CONVERSION = YES;
				GCC_WARN_ABOUT_RETURN_TYPE = YES_ERROR;
				GCC_WARN_UNDECLARED_SELECTOR = YES;
				GCC_WARN_UNINITIALIZED_AUTOS = YES_AGGRESSIVE;
				GCC_WARN_UNUSED_FUNCTION = YES;
				GCC_WARN_UNUSED_VARIABLE = YES;
				IPHONEOS_DEPLOYMENT_TARGET = 17.5;
				LOCALIZATION_PREFERS_STRING_CATALOGS = YES;
				MTL_ENABLE_DEBUG_INFO = NO;
				MTL_FAST_MATH = YES;
				SDKROOT = iphoneos;
				SWIFT_COMPILATION_MODE = wholemodule;
				VALIDATE_PRODUCT = YES;
			};
			name = Release;
		};
		EA8A75142FC7BF35008E7AE1 /* Debug */ = {
			isa = XCBuildConfiguration;
			buildSettings = {
				ASSETCATALOG_COMPILER_APPICON_NAME = AppIcon;
				ASSETCATALOG_COMPILER_GLOBAL_ACCENT_COLOR_NAME = AccentColor;
				CODE_SIGN_STYLE = Automatic;
				CURRENT_PROJECT_VERSION = 1;
				DEVELOPMENT_ASSET_PATHS = "\"BiggrDream/Preview_Content\"";
				DEVELOPMENT_TEAM = Y33V7F4398;
				ENABLE_PREVIEWS = YES;
				GENERATE_INFOPLIST_FILE = YES;
				INFOPLIST_KEY_UIApplicationSceneManifest_Generation = YES;
				INFOPLIST_KEY_UIApplicationSupportsIndirectInputEvents = YES;
				INFOPLIST_KEY_UILaunchScreen_Generation = YES;
				INFOPLIST_KEY_UISupportedInterfaceOrientations_iPad = "UIInterfaceOrientationPortrait UIInterfaceOrientationPortraitUpsideDown UIInterfaceOrientationLandscapeLeft UIInterfaceOrientationLandscapeRight";
				INFOPLIST_KEY_UISupportedInterfaceOrientations_iPhone = "UIInterfaceOrientationPortrait UIInterfaceOrientationLandscapeLeft UIInterfaceOrientationLandscapeRight";
				LD_RUNPATH_SEARCH_PATHS = (
					"$(inherited)",
					"@executable_path/Frameworks",
				);
				MARKETING_VERSION = 1.0;
				PRODUCT_BUNDLE_IDENTIFIER = Tony.BiggrDream;
				PRODUCT_NAME = "$(TARGET_NAME)";
				SWIFT_EMIT_LOC_STRINGS = YES;
				SWIFT_VERSION = 5.0;
				TARGETED_DEVICE_FAMILY = "1,2";
			};
			name = Debug;
		};
		EA8A75152FC7BF35008E7AE1 /* Release */ = {
			isa = XCBuildConfiguration;
			buildSettings = {
				ASSETCATALOG_COMPILER_APPICON_NAME = AppIcon;
				ASSETCATALOG_COMPILER_GLOBAL_ACCENT_COLOR_NAME = AccentColor;
				CODE_SIGN_STYLE = Automatic;
				CURRENT_PROJECT_VERSION = 1;
				DEVELOPMENT_ASSET_PATHS = "\"BiggrDream/Preview_Content\"";
				DEVELOPMENT_TEAM = Y33V7F4398;
				ENABLE_PREVIEWS = YES;
				GENERATE_INFOPLIST_FILE = YES;
				INFOPLIST_KEY_UIApplicationSceneManifest_Generation = YES;
				INFOPLIST_KEY_UIApplicationSupportsIndirectInputEvents = YES;
				INFOPLIST_KEY_UILaunchScreen_Generation = YES;
				INFOPLIST_KEY_UISupportedInterfaceOrientations_iPad = "UIInterfaceOrientationPortrait UIInterfaceOrientationPortraitUpsideDown UIInterfaceOrientationLandscapeLeft UIInterfaceOrientationLandscapeRight";
				INFOPLIST_KEY_UISupportedInterfaceOrientations_iPhone = "UIInterfaceOrientationPortrait UIInterfaceOrientationLandscapeLeft UIInterfaceOrientationLandscapeRight";
				LD_RUNPATH_SEARCH_PATHS = (
					"$(inherited)",
					"@executable_path/Frameworks",
				);
				MARKETING_VERSION = 1.0;
				PRODUCT_BUNDLE_IDENTIFIER = Tony.BiggrDream;
				PRODUCT_NAME = "$(TARGET_NAME)";
				SWIFT_EMIT_LOC_STRINGS = YES;
				SWIFT_VERSION = 5.0;
				TARGETED_DEVICE_FAMILY = "1,2";
			};
			name = Release;
		};
/* End XCBuildConfiguration section */

/* Begin XCConfigurationList section */
		EA8A75002FC7BF33008E7AE1 /* Build configuration list for PBXProject "BiggrDream" */ = {
			isa = XCConfigurationList;
			buildConfigurations = (
				EA8A75112FC7BF35008E7AE1 /* Debug */,
				EA8A75122FC7BF35008E7AE1 /* Release */,
			);
			defaultConfigurationIsVisible = 0;
			defaultConfigurationName = Release;
		};
		EA8A75132FC7BF35008E7AE1 /* Build configuration list for PBXNativeTarget "BiggrDream" */ = {
			isa = XCConfigurationList;
			buildConfigurations = (
				EA8A75142FC7BF35008E7AE1 /* Debug */,
				EA8A75152FC7BF35008E7AE1 /* Release */,
			);
			defaultConfigurationIsVisible = 0;
			defaultConfigurationName = Release;
		};
/* End XCConfigurationList section */
	};
	rootObject = EA8A74FD2FC7BF33008E7AE1 /* Project object */;
}
